
Microsoft Visual Studio Solution File, Format Version 12.00
# Visual Studio 14
VisualStudioVersion = 14.0.25420.1
MinimumVisualStudioVersion = 10.0.40219.1
Project("{FAE04EC0-301F-11D3-BF4B-00C04F79EFBC}") = "io.cryptol.cloudwave", "io.cryptol.cloudwave\io.cryptol.cloudwave.csproj", "{440F66DE-3E36-4A9D-8439-4224B345B358}"
EndProject
Project("{FAE04EC0-301F-11D3-BF4B-00C04F79EFBC}") = "io.cryptol.console.cloudwave", "io.cryptol.console.cloudwave\io.cryptol.console.cloudwave.csproj", "{C9A3A96D-F295-4078-9DF1-8BB2573E7174}"
EndProject
Project("{FAE04EC0-301F-11D3-BF4B-00C04F79EFBC}") = "io.cryptol.server.cloudwave", "io.cryptol.server.cloudwave\io.cryptol.server.cloudwave.csproj", "{19356C4D-DFDD-49E9-9F82-A52F7BD51935}"
EndProject
Global
	GlobalSection(SolutionConfigurationPlatforms) = preSolution
		Debug|Any CPU = Debug|Any CPU
		Release|Any CPU = Release|Any CPU
	EndGlobalSection
	GlobalSection(ProjectConfigurationPlatforms) = postSolution
		{440F66DE-3E36-4A9D-8439-4224B345B358}.Debug|Any CPU.ActiveCfg = Debug|Any CPU
		{440F66DE-3E36-4A9D-8439-4224B345B358}.Debug|Any CPU.Build.0 = Debug|Any CPU
		{440F66DE-3E36-4A9D-8439-4224B345B358}.Release|Any CPU.ActiveCfg = Release|Any CPU
		{440F66DE-3E36-4A9D-8439-4224B345B358}.Release|Any CPU.Build.0 = Release|Any CPU
		{C9A3A96D-F295-4078-9DF1-8BB2573E7174}.Debug|Any CPU.ActiveCfg = Debug|Any CPU
		{C9A3A96D-F295-4078-9DF1-8BB2573E7174}.Debug|Any CPU.Build.0 = Debug|Any CPU
		{C9A3A96D-F295-4078-9DF1-8BB2573E7174}.Release|Any CPU.ActiveCfg = Release|Any CPU
		{C9A3A96D-F295-4078-9DF1-8BB2573E7174}.Release|Any CPU.Build.0 = Release|Any CPU
		{19356C4D-DFDD-49E9-9F82-A52F7BD51935}.Debug|Any CPU.ActiveCfg = Debug|Any CPU
		{19356C4D-DFDD-49E9-9F82-A52F7BD51935}.Debug|Any CPU.Build.0 = Debug|Any CPU
		{19356C4D-DFDD-49E9-9F82-A52F7BD51935}.Release|Any CPU.ActiveCfg = Release|Any CPU
		{19356C4D-DFDD-49E9-9F82-A52F7BD51935}.Release|Any CPU.Build.0 = Release|Any CPU
	EndGlobalSection
	GlobalSection(SolutionProperties) = preSolution
		HideSolutionNode = FALSE
	EndGlobalSection
EndGlobal
